# This file is automatically @generated by Cargo.
# It is not intended for manual editing.
version = 3

[[package]]
name = "bitflags"
version = "1.3.2"
source = "registry+https://github.com/rust-lang/crates.io-index"
checksum = "bef38d45163c2f1dde094a7dfd33ccf595c92905c8f8f4fdc18d06fb1037718a"

[[package]]
name = "io-uring"
version = "0.5.2"
source = "registry+https://github.com/rust-lang/crates.io-index"
checksum = "8d75829ed9377bab6c90039fe47b9d84caceb4b5063266142e21bcce6550cda8"
dependencies = [
 "bitflags",
 "libc",
]

[[package]]
name = "io_benchmark"
version = "0.1.0"
dependencies = [
 "io-uring",
]

[[package]]
name = "libc"
version = "0.2.119"
source = "registry+https://github.com/rust-lang/crates.io-index"
checksum = "1bf2e165bb3457c8e098ea76f3e3bc9db55f87aa90d52d0e6be741470916aaa4"
